
Microsoft Visual Studio Solution File, Format Version 12.00
# Visual Studio Version 17
VisualStudioVersion = 17.6.33829.357
MinimumVisualStudioVersion = 10.0.40219.1
Project("{9A19103F-16F7-4668-BE54-9A1E7A4F7556}") = "Domain", "Domain\Domain.csproj", "{5D23202D-0B7F-4FF2-80CD-3332EF3A283B}"
EndProject
Project("{9A19103F-16F7-4668-BE54-9A1E7A4F7556}") = "Application", "Application\Application.csproj", "{B2F42AA9-DCBA-4A1C-B73D-97D03B263903}"
EndProject
Project("{9A19103F-16F7-4668-BE54-9A1E7A4F7556}") = "Infrastructure", "Infrastructure\Infrastructure.csproj", "{76D0ED75-BD89-4046-ADC5-89C6279A19AA}"
EndProject
Project("{9A19103F-16F7-4668-BE54-9A1E7A4F7556}") = "WebApi", "WebApi\WebApi.csproj", "{E0B4CBAD-1FD8-47D6-BD18-0D387644B043}"
	ProjectSection(ProjectDependencies) = postProject
		{5D23202D-0B7F-4FF2-80CD-3332EF3A283B} = {5D23202D-0B7F-4FF2-80CD-3332EF3A283B}
	EndProjectSection
EndProject
Global
	GlobalSection(SolutionConfigurationPlatforms) = preSolution
		Debug|Any CPU = Debug|Any CPU
		Release|Any CPU = Release|Any CPU
	EndGlobalSection
	GlobalSection(ProjectConfigurationPlatforms) = postSolution
		{5D23202D-0B7F-4FF2-80CD-3332EF3A283B}.Debug|Any CPU.ActiveCfg = Debug|Any CPU
		{5D23202D-0B7F-4FF2-80CD-3332EF3A283B}.Debug|Any CPU.Build.0 = Debug|Any CPU
		{5D23202D-0B7F-4FF2-80CD-3332EF3A283B}.Release|Any CPU.ActiveCfg = Release|Any CPU
		{5D23202D-0B7F-4FF2-80CD-3332EF3A283B}.Release|Any CPU.Build.0 = Release|Any CPU
		{B2F42AA9-DCBA-4A1C-B73D-97D03B263903}.Debug|Any CPU.ActiveCfg = Debug|Any CPU
		{B2F42AA9-DCBA-4A1C-B73D-97D03B263903}.Debug|Any CPU.Build.0 = Debug|Any CPU
		{B2F42AA9-DCBA-4A1C-B73D-97D03B263903}.Release|Any CPU.ActiveCfg = Release|Any CPU
		{B2F42AA9-DCBA-4A1C-B73D-97D03B263903}.Release|Any CPU.Build.0 = Release|Any CPU
		{76D0ED75-BD89-4046-ADC5-89C6279A19AA}.Debug|Any CPU.ActiveCfg = Debug|Any CPU
		{76D0ED75-BD89-4046-ADC5-89C6279A19AA}.Debug|Any CPU.Build.0 = Debug|Any CPU
		{76D0ED75-BD89-4046-ADC5-89C6279A19AA}.Release|Any CPU.ActiveCfg = Release|Any CPU
		{76D0ED75-BD89-4046-ADC5-89C6279A19AA}.Release|Any CPU.Build.0 = Release|Any CPU
		{E0B4CBAD-1FD8-47D6-BD18-0D387644B043}.Debug|Any CPU.ActiveCfg = Debug|Any CPU
		{E0B4CBAD-1FD8-47D6-BD18-0D387644B043}.Debug|Any CPU.Build.0 = Debug|Any CPU
		{E0B4CBAD-1FD8-47D6-BD18-0D387644B043}.Release|Any CPU.ActiveCfg = Release|Any CPU
		{E0B4CBAD-1FD8-47D6-BD18-0D387644B043}.Release|Any CPU.Build.0 = Release|Any CPU
	EndGlobalSection
	GlobalSection(SolutionProperties) = preSolution
		HideSolutionNode = FALSE
	EndGlobalSection
EndGlobal
